
Microsoft Visual Studio Solution File, Format Version 12.00
# Visual Studio Version 16
VisualStudioVersion = 16.0.30114.105
MinimumVisualStudioVersion = 10.0.40219.1
Project("{FAE04EC0-301F-11D3-BF4B-00C04F79EFBC}") = "StarWarsCharsMVVM", "StarWarsCharsMVVM\StarWarsCharsMVVM.csproj", "{894FEEE5-8941-4932-B239-CECD82A5021D}"
EndProject
Global
	GlobalSection(SolutionConfigurationPlatforms) = preSolution
		Debug|Any CPU = Debug|Any CPU
		Release|Any CPU = Release|Any CPU
	EndGlobalSection
	GlobalSection(ProjectConfigurationPlatforms) = postSolution
		{894FEEE5-8941-4932-B239-CECD82A5021D}.Debug|Any CPU.ActiveCfg = Debug|Any CPU
		{894FEEE5-8941-4932-B239-CECD82A5021D}.Debug|Any CPU.Build.0 = Debug|Any CPU
		{894FEEE5-8941-4932-B239-CECD82A5021D}.Release|Any CPU.ActiveCfg = Release|Any CPU
		{894FEEE5-8941-4932-B239-CECD82A5021D}.Release|Any CPU.Build.0 = Release|Any CPU
	EndGlobalSection
	GlobalSection(SolutionProperties) = preSolution
		HideSolutionNode = FALSE
	EndGlobalSection
	GlobalSection(ExtensibilityGlobals) = postSolution
		SolutionGuid = {3A0986E3-828D-429D-965D-039A9A4270DF}
	EndGlobalSection
EndGlobal
